lockfileVersion: '9.0'

settings:
  autoInstallPeers: true
  excludeLinksFromLockfile: false

importers:

  .:
    dependencies:
      '@inquirer/prompts':
        specifier: ^5.5.0
        version: 5.5.0
      '@libsql/client':
        specifier: 0.6.0
        version: 0.6.0
      '@tursodatabase/api':
        specifier: ^1.8.1
        version: 1.8.1
      bun:
        specifier: ^1.1.21
        version: 1.1.27
      chalk:
        specifier: ^5.3.0
        version: 5.3.0
      cuid:
        specifier: ^3.0.0
        version: 3.0.0
      drizzle-orm:
        specifier: ^0.30.10
        version: 0.30.10(@libsql/client@0.6.0)(bun-types@1.1.26)
      ora:
        specifier: ^8.0.1
        version: 8.1.0
      typescript:
        specifier: ^5.0.0
        version: 5.5.4
      zod:
        specifier: ^3.22.4
        version: 3.23.8
    devDependencies:
      '@clerk/types':
        specifier: ^4.6.0
        version: 4.19.0
      '@types/bun':
        specifier: ^1.1.4
        version: 1.1.8
      '@types/inquirer':
        specifier: ^9.0.7
        version: 9.0.7
      '@types/jsonwebtoken':
        specifier: ^9.0.6
        version: 9.0.6
      '@types/jwk-to-pem':
        specifier: ^2.0.3
        version: 2.0.3

packages:

  '@clerk/types@4.19.0':
    resolution: {integrity: sha512-bDN/nRUD5PFCehQ+Kjdcft0I3b9CIyCcY3OBNDSc1L6RQhlXH+J48EtaP/cbRdslb83LJiBPQ2i/gV4VgblzwA==}
    engines: {node: '>=18.17.0'}

  '@inquirer/checkbox@2.5.0':
    resolution: {integrity: sha512-sMgdETOfi2dUHT8r7TT1BTKOwNvdDGFDXYWtQ2J69SvlYNntk9I/gJe7r5yvMwwsuKnYbuRs3pNhx4tgNck5aA==}
    engines: {node: '>=18'}

  '@inquirer/confirm@3.2.0':
    resolution: {integrity: sha512-oOIwPs0Dvq5220Z8lGL/6LHRTEr9TgLHmiI99Rj1PJ1p1czTys+olrgBqZk4E2qC0YTzeHprxSQmoHioVdJ7Lw==}
    engines: {node: '>=18'}

  '@inquirer/core@9.1.0':
    resolution: {integrity: sha512-RZVfH//2ytTjmaBIzeKT1zefcQZzuruwkpTwwbe/i2jTl4o9M+iML5ChULzz6iw1Ok8iUBBsRCjY2IEbD8Ft4w==}
    engines: {node: '>=18'}

  '@inquirer/editor@2.2.0':
    resolution: {integrity: sha512-9KHOpJ+dIL5SZli8lJ6xdaYLPPzB8xB9GZItg39MBybzhxA16vxmszmQFrRwbOA918WA2rvu8xhDEg/p6LXKbw==}
    engines: {node: '>=18'}

  '@inquirer/expand@2.3.0':
    resolution: {integrity: sha512-qnJsUcOGCSG1e5DTOErmv2BPQqrtT6uzqn1vI/aYGiPKq+FgslGZmtdnXbhuI7IlT7OByDoEEqdnhUnVR2hhLw==}
    engines: {node: '>=18'}

  '@inquirer/figures@1.0.5':
    resolution: {integrity: sha512-79hP/VWdZ2UVc9bFGJnoQ/lQMpL74mGgzSYX1xUqCVk7/v73vJCMw1VuyWN1jGkZ9B3z7THAbySqGbCNefcjfA==}
    engines: {node: '>=18'}

  '@inquirer/input@2.3.0':
    resolution: {integrity: sha512-XfnpCStx2xgh1LIRqPXrTNEEByqQWoxsWYzNRSEUxJ5c6EQlhMogJ3vHKu8aXuTacebtaZzMAHwEL0kAflKOBw==}
    engines: {node: '>=18'}

  '@inquirer/number@1.1.0':
    resolution: {integrity: sha512-ilUnia/GZUtfSZy3YEErXLJ2Sljo/mf9fiKc08n18DdwdmDbOzRcTv65H1jjDvlsAuvdFXf4Sa/aL7iw/NanVA==}
    engines: {node: '>=18'}

  '@inquirer/password@2.2.0':
    resolution: {integrity: sha512-5otqIpgsPYIshqhgtEwSspBQE40etouR8VIxzpJkv9i0dVHIpyhiivbkH9/dGiMLdyamT54YRdGJLfl8TFnLHg==}
    engines: {node: '>=18'}

  '@inquirer/prompts@5.5.0':
    resolution: {integrity: sha512-BHDeL0catgHdcHbSFFUddNzvx/imzJMft+tWDPwTm3hfu8/tApk1HrooNngB2Mb4qY+KaRWF+iZqoVUPeslEog==}
    engines: {node: '>=18'}

  '@inquirer/rawlist@2.3.0':
    resolution: {integrity: sha512-zzfNuINhFF7OLAtGHfhwOW2TlYJyli7lOUoJUXw/uyklcwalV6WRXBXtFIicN8rTRK1XTiPWB4UY+YuW8dsnLQ==}
    engines: {node: '>=18'}

  '@inquirer/search@1.1.0':
    resolution: {integrity: sha512-h+/5LSj51dx7hp5xOn4QFnUaKeARwUCLs6mIhtkJ0JYPBLmEYjdHSYh7I6GrLg9LwpJ3xeX0FZgAG1q0QdCpVQ==}
    engines: {node: '>=18'}

  '@inquirer/select@2.5.0':
    resolution: {integrity: sha512-YmDobTItPP3WcEI86GvPo+T2sRHkxxOq/kXmsBjHS5BVXUgvgZ5AfJjkvQvZr03T81NnI3KrrRuMzeuYUQRFOA==}
    engines: {node: '>=18'}

  '@inquirer/type@1.5.3':
    resolution: {integrity: sha512-xUQ14WQGR/HK5ei+2CvgcwoH9fQ4PgPGmVFSN0pc1+fVyDL3MREhyAY7nxEErSu6CkllBM3D7e3e+kOvtu+eIg==}
    engines: {node: '>=18'}

  '@libsql/client@0.6.0':
    resolution: {integrity: sha512-qhQzTG/y2IEVbL3+9PULDvlQFWJ/RnjFXECr/Nc3nRngGiiMysDaOV5VUzYk7DulUX98EA4wi+z3FspKrUplUA==}

  '@libsql/core@0.6.2':
    resolution: {integrity: sha512-c2P4M+4u/4b2L02A0KjggO3UW51rGkhxr/7fzJO0fEAqsqrWGxuNj2YtRkina/oxfYvAof6xjp8RucNoIV/Odw==}

  '@libsql/darwin-arm64@0.3.19':
    resolution: {integrity: sha512-rmOqsLcDI65zzxlUOoEiPJLhqmbFsZF6p4UJQ2kMqB+Kc0Rt5/A1OAdOZ/Wo8fQfJWjR1IbkbpEINFioyKf+nQ==}
    cpu: [arm64]
    os: [darwin]

  '@libsql/darwin-x64@0.3.19':
    resolution: {integrity: sha512-q9O55B646zU+644SMmOQL3FIfpmEvdWpRpzubwFc2trsa+zoBlSkHuzU9v/C+UNoPHQVRMP7KQctJ455I/h/xw==}
    cpu: [x64]
    os: [darwin]

  '@libsql/hrana-client@0.6.2':
    resolution: {integrity: sha512-MWxgD7mXLNf9FXXiM0bc90wCjZSpErWKr5mGza7ERy2FJNNMXd7JIOv+DepBA1FQTIfI8TFO4/QDYgaQC0goNw==}

  '@libsql/isomorphic-fetch@0.2.5':
    resolution: {integrity: sha512-8s/B2TClEHms2yb+JGpsVRTPBfy1ih/Pq6h6gvyaNcYnMVJvgQRY7wAa8U2nD0dppbCuDU5evTNMEhrQ17ZKKg==}
    engines: {node: '>=18.0.0'}

  '@libsql/isomorphic-ws@0.1.5':
    resolution: {integrity: sha512-DtLWIH29onUYR00i0GlQ3UdcTRC6EP4u9w/h9LxpUZJWRMARk6dQwZ6Jkd+QdwVpuAOrdxt18v0K2uIYR3fwFg==}

  '@libsql/linux-arm64-gnu@0.3.19':
    resolution: {integrity: sha512-mgeAUU1oqqh57k7I3cQyU6Trpdsdt607eFyEmH5QO7dv303ti+LjUvh1pp21QWV6WX7wZyjeJV1/VzEImB+jRg==}
    cpu: [arm64]
    os: [linux]

  '@libsql/linux-arm64-musl@0.3.19':
    resolution: {integrity: sha512-VEZtxghyK6zwGzU9PHohvNxthruSxBEnRrX7BSL5jQ62tN4n2JNepJ6SdzXp70pdzTfwroOj/eMwiPt94gkVRg==}
    cpu: [arm64]
    os: [linux]

  '@libsql/linux-x64-gnu@0.3.19':
    resolution: {integrity: sha512-2t/J7LD5w2f63wGihEO+0GxfTyYIyLGEvTFEsMO16XI5o7IS9vcSHrxsvAJs4w2Pf907uDjmc7fUfMg6L82BrQ==}
    cpu: [x64]
    os: [linux]

  '@libsql/linux-x64-musl@0.3.19':
    resolution: {integrity: sha512-BLsXyJaL8gZD8+3W2LU08lDEd9MIgGds0yPy5iNPp8tfhXx3pV/Fge2GErN0FC+nzt4DYQtjL+A9GUMglQefXQ==}
    cpu: [x64]
    os: [linux]

  '@libsql/win32-x64-msvc@0.3.19':
    resolution: {integrity: sha512-ay1X9AobE4BpzG0XPw1gplyLZPGHIgJOovvW23gUrukRegiUP62uzhpRbKNogLlUOynyXeq//prHgPXiebUfWg==}
    cpu: [x64]
    os: [win32]

  '@neon-rs/load@0.0.4':
    resolution: {integrity: sha512-kTPhdZyTQxB+2wpiRcFWrDcejc4JI6tkPuS7UZCG4l6Zvc5kU/gGQ/ozvHTh1XR5tS+UlfAfGuPajjzQjCiHCw==}

  '@oven/bun-darwin-aarch64@1.1.27':
    resolution: {integrity: sha512-h5Mf2+AESEtHHGRdSDQgDU7TY2vMPMeAuwkf/XPMDpaS+EoIUFayj1CXShB25gT16uw/ww/Pl3LaN0sN0tcWhQ==}
    cpu: [arm64]
    os: [darwin]

  '@oven/bun-darwin-x64-baseline@1.1.27':
    resolution: {integrity: sha512-Ld+FBW3VUzGOI9QhsQKnaiYinGcOQg83NpagoeyMASozFJEMyDEr/jxA5KxoSEJRChQrGZowq/7IfoPIcJZIUA==}
    cpu: [x64]
    os: [darwin]

  '@oven/bun-darwin-x64@1.1.27':
    resolution: {integrity: sha512-l+uAcE0kh4+c2VUwKvSpsHFQbzR2eLxGKhONa4AJBNVW4UXIpSdH12Qj9fG4Xqgq7s26zs32jPsl2C2NQsmRag==}
    cpu: [x64]
    os: [darwin]

  '@oven/bun-linux-aarch64@1.1.27':
    resolution: {integrity: sha512-4oaNlx07SFxhO26Lm2cfRjozEQX/qRoWFhnz+EFLlGPUPLB2cNmXCVMtmXJep0u4Jub5pGK9yISwNT1voZ6KMg==}
    cpu: [arm64]
    os: [linux]

  '@oven/bun-linux-x64-baseline@1.1.27':
    resolution: {integrity: sha512-495DOwgzpr/0ta/AaSRYb7EJeAEAf38cBOUO6oJzCxT5NdWRbZeAo5bmqcrBke1AexnKPA7RUN9Z5+t1TvqjtQ==}
    cpu: [x64]
    os: [linux]

  '@oven/bun-linux-x64@1.1.27':
    resolution: {integrity: sha512-ktplW245+ke0GIKdBEzZisZ4mwAqdPYmW3RzhDPGB7193jVmaAE1YVUscrWkTAdfl6YMGb99IXThrhcXSddeAw==}
    cpu: [x64]
    os: [linux]

  '@oven/bun-windows-x64-baseline@1.1.27':
    resolution: {integrity: sha512-Qfn80kb9eDZaecCVVVxFpNfuHvo7h4yQlh278u9Vs0vSrHTYG4dxoH4SWkZSzHa44ZwKRpa1TmMfDVhX/HE+mA==}
    cpu: [x64]
    os: [win32]

  '@oven/bun-windows-x64@1.1.27':
    resolution: {integrity: sha512-LIZRqlyLpMEkmbsA+d/GmQnEdJzMGlFRlVtdQnyjTskW+uMv+lBHmWu7CkdcCCVPtf6wRDYgdkjpQOAw1wle5g==}
    cpu: [x64]
    os: [win32]

  '@tursodatabase/api@1.8.1':
    resolution: {integrity: sha512-/HhBZEJEtGtI3FlP+vZY0VG+/GRO9L/yaPOjg/lWRDi0x9tjX6pvDiX1QOaeadKzGVkXH6gM+HYEH8LZnvOhKQ==}

  '@types/bun@1.1.8':
    resolution: {integrity: sha512-PIwVFQKPviksiibobyvcWtMvMFMTj91T8dQEh9l1P3Ypr3ZuVn9w7HSr+5mTNrPqD1xpdDLEErzZPU8gqHBu6g==}

  '@types/inquirer@9.0.7':
    resolution: {integrity: sha512-Q0zyBupO6NxGRZut/JdmqYKOnN95Eg5V8Csg3PGKkP+FnvsUZx1jAyK7fztIszxxMuoBA6E3KXWvdZVXIpx60g==}

  '@types/jsonwebtoken@9.0.6':
    resolution: {integrity: sha512-/5hndP5dCjloafCXns6SZyESp3Ldq7YjH3zwzwczYnjxIT0Fqzk5ROSYVGfFyczIue7IUEj8hkvLbPoLQ18vQw==}

  '@types/jwk-to-pem@2.0.3':
    resolution: {integrity: sha512-I/WFyFgk5GrNbkpmt14auGO3yFK1Wt4jXzkLuI+fDBNtO5ZI2rbymyGd6bKzfSBEuyRdM64ZUwxU1+eDcPSOEQ==}

  '@types/mute-stream@0.0.4':
    resolution: {integrity: sha512-CPM9nzrCPPJHQNA9keH9CVkVI+WR5kMa+7XEs5jcGQ0VoAGnLv242w8lIVgwAEfmE4oufJRaTc9PNLQl0ioAow==}

  '@types/node@20.12.14':
    resolution: {integrity: sha512-scnD59RpYD91xngrQQLGkE+6UrHUPzeKZWhhjBSa3HSkwjbQc38+q3RoIVEwxQGRw3M+j5hpNAM+lgV3cVormg==}

  '@types/node@22.5.4':
    resolution: {integrity: sha512-FDuKUJQm/ju9fT/SeX/6+gBzoPzlVCzfzmGkwKvRHQVxi4BntVbyIwf6a4Xn62mrvndLiml6z/UBXIdEVjQLXg==}

  '@types/through@0.0.33':
    resolution: {integrity: sha512-HsJ+z3QuETzP3cswwtzt2vEIiHBk/dCcHGhbmG5X3ecnwFD/lPrMpliGXxSCg03L9AhrdwA4Oz/qfspkDW+xGQ==}

  '@types/wrap-ansi@3.0.0':
    resolution: {integrity: sha512-ltIpx+kM7g/MLRZfkbL7EsCEjfzCcScLpkg37eXEtx5kmrAKBkTJwd1GIAjDSL8wTpM6Hzn5YO4pSb91BEwu1g==}

  '@types/ws@8.5.12':
    resolution: {integrity: sha512-3tPRkv1EtkDpzlgyKyI8pGsGZAGPEaXeu0DOj5DI25Ja91bdAYddYHbADRYVrZMRbfW+1l5YwXVDKohDJNQxkQ==}

  ansi-escapes@4.3.2:
    resolution: {integrity: sha512-gKXj5ALrKWQLsYG9jlTRmR/xKluxHV+Z9QEwNIgCfM1/uwPMCuzVVnh5mwTd+OuBZcwSIMbqssNWRm1lE51QaQ==}
    engines: {node: '>=8'}

  ansi-regex@5.0.1:
    resolution: {integrity: sha512-quJQXlTSUGL2LH9SUXo8VwsY4soanhgo6LNSm84E1LBcE8s3O0wpdiRzyR9z/ZZJMlMWv37qOOb9pdJlMUEKFQ==}
    engines: {node: '>=8'}

  ansi-regex@6.0.1:
    resolution: {integrity: sha512-n5M855fKb2SsfMIiFFoVrABHJC8QtHwVx+mHWP3QcEqBHYienj5dHSgjbxtC0WEZXYt4wcD6zrQElDPhFuZgfA==}
    engines: {node: '>=12'}

  ansi-styles@4.3.0:
    resolution: {integrity: sha512-zbB9rCJAT1rbjiVDb2hqKFHNYLxgtk8NURxZ3IZwD3F6NtxbXZQCnnSi1Lkx+IDohdPlFp222wVALIheZJQSEg==}
    engines: {node: '>=8'}

  bun-types@1.1.26:
    resolution: {integrity: sha512-n7jDe62LsB2+WE8Q8/mT3azkPaatKlj/2MyP6hi3mKvPz9oPpB6JW/Ll6JHtNLudasFFuvfgklYSE+rreGvBjw==}

  bun@1.1.27:
    resolution: {integrity: sha512-FLnMaOuVVuhjPIfmlRtAE42B2x+oSWO6jW8MZ/Ss179qokN//nzIhuj/07bdA016U6d11HyLvvGb6eaH0HKhBQ==}
    os: [darwin, linux, win32]
    hasBin: true

  chalk@5.3.0:
    resolution: {integrity: sha512-dLitG79d+GV1Nb/VYcCDFivJeK1hiukt9QjRNVOsUtTy1rR1YJsmpGGTZ3qJos+uw7WmWF4wUwBd9jxjocFC2w==}
    engines: {node: ^12.17.0 || ^14.13 || >=16.0.0}

  chardet@0.7.0:
    resolution: {integrity: sha512-mT8iDcrh03qDGRRmoA2hmBJnxpllMR+0/0qlzjqZES6NdiWDcZkCNAk4rPFZ9Q85r27unkiNNg8ZOiwZXBHwcA==}

  cli-cursor@5.0.0:
    resolution: {integrity: sha512-aCj4O5wKyszjMmDT4tZj93kxyydN/K5zPWSCe6/0AV/AA1pqe5ZBIw0a2ZfPQV7lL5/yb5HsUreJ6UFAF1tEQw==}
    engines: {node: '>=18'}

  cli-spinners@2.9.2:
    resolution: {integrity: sha512-ywqV+5MmyL4E7ybXgKys4DugZbX0FC6LnwrhjuykIjnK9k8OQacQ7axGKnjDXWNhns0xot3bZI5h55H8yo9cJg==}
    engines: {node: '>=6'}

  cli-width@4.1.0:
    resolution: {integrity: sha512-ouuZd4/dm2Sw5Gmqy6bGyNNNe1qt9RpmxveLSO7KcgsTnU7RXfsw+/bukWGo1abgBiMAic068rclZsO4IWmmxQ==}
    engines: {node: '>= 12'}

  color-convert@2.0.1:
    resolution: {integrity: sha512-RRECPsj7iu/xb5oKYcsFHSppFNnsj/52OVTRKb4zP5onXwVF3zVmmToNcOfGC+CRDpfK/U584fMg38ZHCaElKQ==}
    engines: {node: '>=7.0.0'}

  color-name@1.1.4:
    resolution: {integrity: sha512-dOy+3AuW3a2wNbZHIuMZpTcgjGuLU/uBL/ubcZF9OXbDo8ff4O8yVp5Bf0efS8uEoYo5q4Fx7dY9OgQGXgAsQA==}

  csstype@3.1.1:
    resolution: {integrity: sha512-DJR/VvkAvSZW9bTouZue2sSxDwdTN92uHjqeKVm+0dAqdfNykRzQ95tay8aXMBAAPpUiq4Qcug2L7neoRh2Egw==}

  cuid@3.0.0:
    resolution: {integrity: sha512-WZYYkHdIDnaxdeP8Misq3Lah5vFjJwGuItJuV+tvMafosMzw0nF297T7mrm8IOWiPJkV6gc7sa8pzx27+w25Zg==}
    deprecated: Cuid and other k-sortable and non-cryptographic ids (Ulid, ObjectId, KSUID, all UUIDs) are all insecure. Use @paralleldrive/cuid2 instead.

  data-uri-to-buffer@4.0.1:
    resolution: {integrity: sha512-0R9ikRb668HB7QDxT1vkpuUBtqc53YyAwMwGeUFKRojY/NWKvdZ+9UYtRfGmhqNbRkTSVpMbmyhXipFFv2cb/A==}
    engines: {node: '>= 12'}

  detect-libc@2.0.2:
    resolution: {integrity: sha512-UX6sGumvvqSaXgdKGUsgZWqcUyIXZ/vZTrlRT/iobiKhGL0zL4d3osHj3uqllWJK+i+sixDS/3COVEOFbupFyw==}
    engines: {node: '>=8'}

  drizzle-orm@0.30.10:
    resolution: {integrity: sha512-IRy/QmMWw9lAQHpwbUh1b8fcn27S/a9zMIzqea1WNOxK9/4EB8gIo+FZWLiPXzl2n9ixGSv8BhsLZiOppWEwBw==}
    peerDependencies:
      '@aws-sdk/client-rds-data': '>=3'
      '@cloudflare/workers-types': '>=3'
      '@electric-sql/pglite': '>=0.1.1'
      '@libsql/client': '*'
      '@neondatabase/serverless': '>=0.1'
      '@op-engineering/op-sqlite': '>=2'
      '@opentelemetry/api': ^1.4.1
      '@planetscale/database': '>=1'
      '@types/better-sqlite3': '*'
      '@types/pg': '*'
      '@types/react': '>=18'
      '@types/sql.js': '*'
      '@vercel/postgres': '>=0.8.0'
      '@xata.io/client': '*'
      better-sqlite3: '>=7'
      bun-types: '*'
      expo-sqlite: '>=13.2.0'
      knex: '*'
      kysely: '*'
      mysql2: '>=2'
      pg: '>=8'
      postgres: '>=3'
      react: '>=18'
      sql.js: '>=1'
      sqlite3: '>=5'
    peerDependenciesMeta:
      '@aws-sdk/client-rds-data':
        optional: true
      '@cloudflare/workers-types':
        optional: true
      '@electric-sql/pglite':
        optional: true
      '@libsql/client':
        optional: true
      '@neondatabase/serverless':
        optional: true
      '@op-engineering/op-sqlite':
        optional: true
      '@opentelemetry/api':
        optional: true
      '@planetscale/database':
        optional: true
      '@types/better-sqlite3':
        optional: true
      '@types/pg':
        optional: true
      '@types/react':
        optional: true
      '@types/sql.js':
        optional: true
      '@vercel/postgres':
        optional: true
      '@xata.io/client':
        optional: true
      better-sqlite3:
        optional: true
      bun-types:
        optional: true
      expo-sqlite:
        optional: true
      knex:
        optional: true
      kysely:
        optional: true
      mysql2:
        optional: true
      pg:
        optional: true
      postgres:
        optional: true
      react:
        optional: true
      sql.js:
        optional: true
      sqlite3:
        optional: true

  emoji-regex@10.4.0:
    resolution: {integrity: sha512-EC+0oUMY1Rqm4O6LLrgjtYDvcVYTy7chDnM4Q7030tP4Kwj3u/pR6gP9ygnp2CJMK5Gq+9Q2oqmrFJAz01DXjw==}

  emoji-regex@8.0.0:
    resolution: {integrity: sha512-MSjYzcWNOA0ewAHpz0MxpYFvwg6yjy1NG3xteoqz644VCo/RPgnr1/GGt+ic3iJTzQ8Eu3TdM14SawnVUmGE6A==}

  external-editor@3.1.0:
    resolution: {integrity: sha512-hMQ4CX1p1izmuLYyZqLMO/qGNw10wSv9QDCPfzXfyFrOaCSSoRfqE1Kf1s5an66J5JZC62NewG+mK49jOCtQew==}
    engines: {node: '>=4'}

  fetch-blob@3.2.0:
    resolution: {integrity: sha512-7yAQpD2UMJzLi1Dqv7qFYnPbaPx7ZfFK6PiIxQ4PfkGPyNyl2Ugx+a/umUonmKqjhM4DnfbMvdX6otXq83soQQ==}
    engines: {node: ^12.20 || >= 14.13}

  formdata-polyfill@4.0.10:
    resolution: {integrity: sha512-buewHzMvYL29jdeQTVILecSaZKnt/RJWjoZCF5OW60Z67/GmSLBkOFM7qh1PI3zFNtJbaZL5eQu1vLfazOwj4g==}
    engines: {node: '>=12.20.0'}

  get-east-asian-width@1.2.0:
    resolution: {integrity: sha512-2nk+7SIVb14QrgXFHcm84tD4bKQz0RxPuMT8Ag5KPOq7J5fEmAg0UbXdTOSHqNuHSU28k55qnceesxXRZGzKWA==}
    engines: {node: '>=18'}

  iconv-lite@0.4.24:
    resolution: {integrity: sha512-v3MXnZAcvnywkTUEZomIActle7RXXeedOR31wwl7VlyoXO4Qi9arvSenNQWne1TcRwhCL1HwLI21bEqdpj8/rA==}
    engines: {node: '>=0.10.0'}

  is-fullwidth-code-point@3.0.0:
    resolution: {integrity: sha512-zymm5+u+sCsSWyD9qNaejV3DFvhCKclKdizYaJUuHA83RLjb7nSuGnddCHGv0hk+KY7BMAlsWeK4Ueg6EV6XQg==}
    engines: {node: '>=8'}

  is-interactive@2.0.0:
    resolution: {integrity: sha512-qP1vozQRI+BMOPcjFzrjXuQvdak2pHNUMZoeG2eRbiSqyvbEf/wQtEOTOX1guk6E3t36RkaqiSt8A/6YElNxLQ==}
    engines: {node: '>=12'}

  is-unicode-supported@1.3.0:
    resolution: {integrity: sha512-43r2mRvz+8JRIKnWJ+3j8JtjRKZ6GmjzfaE/qiBJnikNnYv/6bagRJ1kUhNk8R5EX/GkobD+r+sfxCPJsiKBLQ==}
    engines: {node: '>=12'}

  is-unicode-supported@2.0.0:
    resolution: {integrity: sha512-FRdAyx5lusK1iHG0TWpVtk9+1i+GjrzRffhDg4ovQ7mcidMQ6mj+MhKPmvh7Xwyv5gIS06ns49CA7Sqg7lC22Q==}
    engines: {node: '>=18'}

  js-base64@3.7.7:
    resolution: {integrity: sha512-7rCnleh0z2CkXhH67J8K1Ytz0b2Y+yxTPL+/KOJoa20hfnVQ/3/T6W/KflYI4bRHRagNeXeU2bkNGI3v1oS/lw==}

  libsql@0.3.19:
    resolution: {integrity: sha512-Aj5cQ5uk/6fHdmeW0TiXK42FqUlwx7ytmMLPSaUQPin5HKKKuUPD62MAbN4OEweGBBI7q1BekoEN4gPUEL6MZA==}
    os: [darwin, linux, win32]

  log-symbols@6.0.0:
    resolution: {integrity: sha512-i24m8rpwhmPIS4zscNzK6MSEhk0DUWa/8iYQWxhffV8jkI4Phvs3F+quL5xvS0gdQR0FyTCMMH33Y78dDTzzIw==}
    engines: {node: '>=18'}

  mimic-function@5.0.1:
    resolution: {integrity: sha512-VP79XUPxV2CigYP3jWwAUFSku2aKqBH7uTAapFWCBqutsbmDo96KY5o8uh6U+/YSIn5OxJnXp73beVkpqMIGhA==}
    engines: {node: '>=18'}

  mute-stream@1.0.0:
    resolution: {integrity: sha512-avsJQhyd+680gKXyG/sQc0nXaC6rBkPOfyHYcFb9+hdkqQkR9bdnkJ0AMZhke0oesPqIO+mFFJ+IdBc7mst4IA==}
    engines: {node: ^14.17.0 || ^16.13.0 || >=18.0.0}

  node-domexception@1.0.0:
    resolution: {integrity: sha512-/jKZoMpw0F8GRwl4/eLROPA3cfcXtLApP0QzLmUT/HuPCZWyB7IY9ZrMeKw2O/nFIqPQB3PVM9aYm0F312AXDQ==}
    engines: {node: '>=10.5.0'}

  node-fetch@3.3.2:
    resolution: {integrity: sha512-dRB78srN/l6gqWulah9SrxeYnxeddIG30+GOqK/9OlLVyLg3HPnr6SqOWTWOXKRwC2eGYCkZ59NNuSgvSrpgOA==}
    engines: {node: ^12.20.0 || ^14.13.1 || >=16.0.0}

  onetime@7.0.0:
    resolution: {integrity: sha512-VXJjc87FScF88uafS3JllDgvAm+c/Slfz06lorj2uAY34rlUu0Nt+v8wreiImcrgAjjIHp1rXpTDlLOGw29WwQ==}
    engines: {node: '>=18'}

  ora@8.1.0:
    resolution: {integrity: sha512-GQEkNkH/GHOhPFXcqZs3IDahXEQcQxsSjEkK4KvEEST4t7eNzoMjxTzef+EZ+JluDEV+Raoi3WQ2CflnRdSVnQ==}
    engines: {node: '>=18'}

  os-tmpdir@1.0.2:
    resolution: {integrity: sha512-D2FR03Vir7FIu45XBY20mTb+/ZSWB00sjU9jdQXt83gDrI4Ztz5Fs7/yy74g2N5SVQY4xY1qDr4rNddwYRVX0g==}
    engines: {node: '>=0.10.0'}

  restore-cursor@5.1.0:
    resolution: {integrity: sha512-oMA2dcrw6u0YfxJQXm342bFKX/E4sG9rbTzO9ptUcR/e8A33cHuvStiYOwH7fszkZlZ1z/ta9AAoPk2F4qIOHA==}
    engines: {node: '>=18'}

  rxjs@7.8.1:
    resolution: {integrity: sha512-AA3TVj+0A2iuIoQkWEK/tqFjBq2j+6PO6Y0zJcvzLAFhEFIO3HL0vls9hWLncZbAAbK0mar7oZ4V079I/qPMxg==}

  safer-buffer@2.1.2:
    resolution: {integrity: sha512-YZo3K82SD7Riyi0E1EQPojLz7kpepnSQI9IyPbHHg1XXXevb5dJI7tpyN2ADxGcQbHG7vcyRHk0cbwqcQriUtg==}

  signal-exit@4.1.0:
    resolution: {integrity: sha512-bzyZ1e88w9O1iNJbKnOlvYTrWPDl46O1bG0D3XInv+9tkPrxrN8jUUTiFlDkkmKWgn1M6CfIA13SuGqOa9Korw==}
    engines: {node: '>=14'}

  stdin-discarder@0.2.2:
    resolution: {integrity: sha512-UhDfHmA92YAlNnCfhmq0VeNL5bDbiZGg7sZ2IvPsXubGkiNa9EC+tUTsjBRsYUAz87btI6/1wf4XoVvQ3uRnmQ==}
    engines: {node: '>=18'}

  string-width@4.2.3:
    resolution: {integrity: sha512-wKyQRQpjJ0sIp62ErSZdGsjMJWsap5oRNihHhu6G7JVO/9jIB6UyevL+tXuOqrng8j/cxKTWyWUwvSTriiZz/g==}
    engines: {node: '>=8'}

  string-width@7.2.0:
    resolution: {integrity: sha512-tsaTIkKW9b4N+AEj+SVA+WhJzV7/zMhcSu78mLKWSk7cXMOSHsBKFWUs0fWwq8QyK3MgJBQRX6Gbi4kYbdvGkQ==}
    engines: {node: '>=18'}

  strip-ansi@6.0.1:
    resolution: {integrity: sha512-Y38VPSHcqkFrCpFnQ9vuSXmquuv5oXOKpGeT6aGrr3o3Gc9AlVa6JBfUSOCnbxGGZF+/0ooI7KrPuUSztUdU5A==}
    engines: {node: '>=8'}

  strip-ansi@7.1.0:
    resolution: {integrity: sha512-iq6eVVI64nQQTRYq2KtEg2d2uU7LElhTJwsH4YzIHZshxlgZms/wIc4VoDQTlG/IvVIrBKG06CrZnp0qv7hkcQ==}
    engines: {node: '>=12'}

  tmp@0.0.33:
    resolution: {integrity: sha512-jRCJlojKnZ3addtTOjdIqoRuPEKBvNXcGYqzO6zWZX8KfKEpnGY5jfggJQ3EjKuu8D4bJRr0y+cYJFmYbImXGw==}
    engines: {node: '>=0.6.0'}

  tslib@2.7.0:
    resolution: {integrity: sha512-gLXCKdN1/j47AiHiOkJN69hJmcbGTHI0ImLmbYLHykhgeN0jVGola9yVjFgzCUklsZQMW55o+dW7IXv3RCXDzA==}

  type-fest@0.21.3:
    resolution: {integrity: sha512-t0rzBq87m3fVcduHDUFhKmyyX+9eo6WQjZvf51Ea/M0Q7+T374Jp1aUiyUl0GKxp8M/OETVHSDvmkyPgvX+X2w==}
    engines: {node: '>=10'}

  typescript@5.5.4:
    resolution: {integrity: sha512-Mtq29sKDAEYP7aljRgtPOpTvOfbwRWlS6dPRzwjdE+C0R4brX/GUyhHSecbHMFLNBLcJIPt9nl9yG5TZ1weH+Q==}
    engines: {node: '>=14.17'}
    hasBin: true

  undici-types@5.26.5:
    resolution: {integrity: sha512-JlCMO+ehdEIKqlFxk6IfVoAUVmgz7cU7zD/h9XZ0qzeosSHmUJVOzSQvvYSYWXkFXC+IfLKSIffhv0sVZup6pA==}

  undici-types@6.19.8:
    resolution: {integrity: sha512-ve2KP6f/JnbPBFyobGHuerC9g1FYGn/F8n1LWTwNxCEzd6IfqTwUQcNXgEtmmQ6DlRrC1hrSrBnCZPokRrDHjw==}

  web-streams-polyfill@3.3.3:
    resolution: {integrity: sha512-d2JWLCivmZYTSIoge9MsgFCZrt571BikcWGYkjC1khllbTeDlGqZ2D8vD8E/lJa8WGWbb7Plm8/XJYV7IJHZZw==}
    engines: {node: '>= 8'}

  whatwg-fetch@3.6.20:
    resolution: {integrity: sha512-EqhiFU6daOA8kpjOWTL0olhVOF3i7OrFzSYiGsEMB8GcXS+RrzauAERX65xMeNWVqxA6HXH2m69Z9LaKKdisfg==}

  wrap-ansi@6.2.0:
    resolution: {integrity: sha512-r6lPcBGxZXlIcymEu7InxDMhdW0KDxpLgoFLcguasxCaJ/SOIZwINatK9KY/tf+ZrlywOKU0UDj3ATXUBfxJXA==}
    engines: {node: '>=8'}

  ws@8.18.0:
    resolution: {integrity: sha512-8VbfWfHLbbwu3+N6OKsOMpBdT4kXPDDB9cJk2bJ6mh9ucxdlnNvH1e+roYkKmN9Nxw2yjz7VzeO9oOz2zJ04Pw==}
    engines: {node: '>=10.0.0'}
    peerDependencies:
      bufferutil: ^4.0.1
      utf-8-validate: '>=5.0.2'
    peerDependenciesMeta:
      bufferutil:
        optional: true
      utf-8-validate:
        optional: true

  yoctocolors-cjs@2.1.2:
    resolution: {integrity: sha512-cYVsTjKl8b+FrnidjibDWskAv7UKOfcwaVZdp/it9n1s9fU3IkgDbhdIRKCW4JDsAlECJY0ytoVPT3sK6kideA==}
    engines: {node: '>=18'}

  zod@3.23.8:
    resolution: {integrity: sha512-XBx9AXhXktjUqnepgTiE5flcKIYWi/rme0Eaj+5Y0lftuGBq+jyRu/md4WnuxqgP1ubdpNCsYEYPxrzVHD8d6g==}

snapshots:

  '@clerk/types@4.19.0':
    dependencies:
      csstype: 3.1.1

  '@inquirer/checkbox@2.5.0':
    dependencies:
      '@inquirer/core': 9.1.0
      '@inquirer/figures': 1.0.5
      '@inquirer/type': 1.5.3
      ansi-escapes: 4.3.2
      yoctocolors-cjs: 2.1.2

  '@inquirer/confirm@3.2.0':
    dependencies:
      '@inquirer/core': 9.1.0
      '@inquirer/type': 1.5.3

  '@inquirer/core@9.1.0':
    dependencies:
      '@inquirer/figures': 1.0.5
      '@inquirer/type': 1.5.3
      '@types/mute-stream': 0.0.4
      '@types/node': 22.5.4
      '@types/wrap-ansi': 3.0.0
      ansi-escapes: 4.3.2
      cli-spinners: 2.9.2
      cli-width: 4.1.0
      mute-stream: 1.0.0
      signal-exit: 4.1.0
      strip-ansi: 6.0.1
      wrap-ansi: 6.2.0
      yoctocolors-cjs: 2.1.2

  '@inquirer/editor@2.2.0':
    dependencies:
      '@inquirer/core': 9.1.0
      '@inquirer/type': 1.5.3
      external-editor: 3.1.0

  '@inquirer/expand@2.3.0':
    dependencies:
      '@inquirer/core': 9.1.0
      '@inquirer/type': 1.5.3
      yoctocolors-cjs: 2.1.2

  '@inquirer/figures@1.0.5': {}

  '@inquirer/input@2.3.0':
    dependencies:
      '@inquirer/core': 9.1.0
      '@inquirer/type': 1.5.3

  '@inquirer/number@1.1.0':
    dependencies:
      '@inquirer/core': 9.1.0
      '@inquirer/type': 1.5.3

  '@inquirer/password@2.2.0':
    dependencies:
      '@inquirer/core': 9.1.0
      '@inquirer/type': 1.5.3
      ansi-escapes: 4.3.2

  '@inquirer/prompts@5.5.0':
    dependencies:
      '@inquirer/checkbox': 2.5.0
      '@inquirer/confirm': 3.2.0
      '@inquirer/editor': 2.2.0
      '@inquirer/expand': 2.3.0
      '@inquirer/input': 2.3.0
      '@inquirer/number': 1.1.0
      '@inquirer/password': 2.2.0
      '@inquirer/rawlist': 2.3.0
      '@inquirer/search': 1.1.0
      '@inquirer/select': 2.5.0

  '@inquirer/rawlist@2.3.0':
    dependencies:
      '@inquirer/core': 9.1.0
      '@inquirer/type': 1.5.3
      yoctocolors-cjs: 2.1.2

  '@inquirer/search@1.1.0':
    dependencies:
      '@inquirer/core': 9.1.0
      '@inquirer/figures': 1.0.5
      '@inquirer/type': 1.5.3
      yoctocolors-cjs: 2.1.2

  '@inquirer/select@2.5.0':
    dependencies:
      '@inquirer/core': 9.1.0
      '@inquirer/figures': 1.0.5
      '@inquirer/type': 1.5.3
      ansi-escapes: 4.3.2
      yoctocolors-cjs: 2.1.2

  '@inquirer/type@1.5.3':
    dependencies:
      mute-stream: 1.0.0

  '@libsql/client@0.6.0':
    dependencies:
      '@libsql/core': 0.6.2
      '@libsql/hrana-client': 0.6.2
      js-base64: 3.7.7
      libsql: 0.3.19
    transitivePeerDependencies:
      - bufferutil
      - utf-8-validate

  '@libsql/core@0.6.2':
    dependencies:
      js-base64: 3.7.7

  '@libsql/darwin-arm64@0.3.19':
    optional: true

  '@libsql/darwin-x64@0.3.19':
    optional: true

  '@libsql/hrana-client@0.6.2':
    dependencies:
      '@libsql/isomorphic-fetch': 0.2.5
      '@libsql/isomorphic-ws': 0.1.5
      js-base64: 3.7.7
      node-fetch: 3.3.2
    transitivePeerDependencies:
      - bufferutil
      - utf-8-validate

  '@libsql/isomorphic-fetch@0.2.5': {}

  '@libsql/isomorphic-ws@0.1.5':
    dependencies:
      '@types/ws': 8.5.12
      ws: 8.18.0
    transitivePeerDependencies:
      - bufferutil
      - utf-8-validate

  '@libsql/linux-arm64-gnu@0.3.19':
    optional: true

  '@libsql/linux-arm64-musl@0.3.19':
    optional: true

  '@libsql/linux-x64-gnu@0.3.19':
    optional: true

  '@libsql/linux-x64-musl@0.3.19':
    optional: true

  '@libsql/win32-x64-msvc@0.3.19':
    optional: true

  '@neon-rs/load@0.0.4': {}

  '@oven/bun-darwin-aarch64@1.1.27':
    optional: true

  '@oven/bun-darwin-x64-baseline@1.1.27':
    optional: true

  '@oven/bun-darwin-x64@1.1.27':
    optional: true

  '@oven/bun-linux-aarch64@1.1.27':
    optional: true

  '@oven/bun-linux-x64-baseline@1.1.27':
    optional: true

  '@oven/bun-linux-x64@1.1.27':
    optional: true

  '@oven/bun-windows-x64-baseline@1.1.27':
    optional: true

  '@oven/bun-windows-x64@1.1.27':
    optional: true

  '@tursodatabase/api@1.8.1':
    dependencies:
      whatwg-fetch: 3.6.20

  '@types/bun@1.1.8':
    dependencies:
      bun-types: 1.1.26

  '@types/inquirer@9.0.7':
    dependencies:
      '@types/through': 0.0.33
      rxjs: 7.8.1

  '@types/jsonwebtoken@9.0.6':
    dependencies:
      '@types/node': 22.5.4

  '@types/jwk-to-pem@2.0.3': {}

  '@types/mute-stream@0.0.4':
    dependencies:
      '@types/node': 22.5.4

  '@types/node@20.12.14':
    dependencies:
      undici-types: 5.26.5

  '@types/node@22.5.4':
    dependencies:
      undici-types: 6.19.8

  '@types/through@0.0.33':
    dependencies:
      '@types/node': 22.5.4

  '@types/wrap-ansi@3.0.0': {}

  '@types/ws@8.5.12':
    dependencies:
      '@types/node': 20.12.14

  ansi-escapes@4.3.2:
    dependencies:
      type-fest: 0.21.3

  ansi-regex@5.0.1: {}

  ansi-regex@6.0.1: {}

  ansi-styles@4.3.0:
    dependencies:
      color-convert: 2.0.1

  bun-types@1.1.26:
    dependencies:
      '@types/node': 20.12.14
      '@types/ws': 8.5.12

  bun@1.1.27:
    optionalDependencies:
      '@oven/bun-darwin-aarch64': 1.1.27
      '@oven/bun-darwin-x64': 1.1.27
      '@oven/bun-darwin-x64-baseline': 1.1.27
      '@oven/bun-linux-aarch64': 1.1.27
      '@oven/bun-linux-x64': 1.1.27
      '@oven/bun-linux-x64-baseline': 1.1.27
      '@oven/bun-windows-x64': 1.1.27
      '@oven/bun-windows-x64-baseline': 1.1.27

  chalk@5.3.0: {}

  chardet@0.7.0: {}

  cli-cursor@5.0.0:
    dependencies:
      restore-cursor: 5.1.0

  cli-spinners@2.9.2: {}

  cli-width@4.1.0: {}

  color-convert@2.0.1:
    dependencies:
      color-name: 1.1.4

  color-name@1.1.4: {}

  csstype@3.1.1: {}

  cuid@3.0.0: {}

  data-uri-to-buffer@4.0.1: {}

  detect-libc@2.0.2: {}

  drizzle-orm@0.30.10(@libsql/client@0.6.0)(bun-types@1.1.26):
    optionalDependencies:
      '@libsql/client': 0.6.0
      bun-types: 1.1.26

  emoji-regex@10.4.0: {}

  emoji-regex@8.0.0: {}

  external-editor@3.1.0:
    dependencies:
      chardet: 0.7.0
      iconv-lite: 0.4.24
      tmp: 0.0.33

  fetch-blob@3.2.0:
    dependencies:
      node-domexception: 1.0.0
      web-streams-polyfill: 3.3.3

  formdata-polyfill@4.0.10:
    dependencies:
      fetch-blob: 3.2.0

  get-east-asian-width@1.2.0: {}

  iconv-lite@0.4.24:
    dependencies:
      safer-buffer: 2.1.2

  is-fullwidth-code-point@3.0.0: {}

  is-interactive@2.0.0: {}

  is-unicode-supported@1.3.0: {}

  is-unicode-supported@2.0.0: {}

  js-base64@3.7.7: {}

  libsql@0.3.19:
    dependencies:
      '@neon-rs/load': 0.0.4
      detect-libc: 2.0.2
    optionalDependencies:
      '@libsql/darwin-arm64': 0.3.19
      '@libsql/darwin-x64': 0.3.19
      '@libsql/linux-arm64-gnu': 0.3.19
      '@libsql/linux-arm64-musl': 0.3.19
      '@libsql/linux-x64-gnu': 0.3.19
      '@libsql/linux-x64-musl': 0.3.19
      '@libsql/win32-x64-msvc': 0.3.19

  log-symbols@6.0.0:
    dependencies:
      chalk: 5.3.0
      is-unicode-supported: 1.3.0

  mimic-function@5.0.1: {}

  mute-stream@1.0.0: {}

  node-domexception@1.0.0: {}

  node-fetch@3.3.2:
    dependencies:
      data-uri-to-buffer: 4.0.1
      fetch-blob: 3.2.0
      formdata-polyfill: 4.0.10

  onetime@7.0.0:
    dependencies:
      mimic-function: 5.0.1

  ora@8.1.0:
    dependencies:
      chalk: 5.3.0
      cli-cursor: 5.0.0
      cli-spinners: 2.9.2
      is-interactive: 2.0.0
      is-unicode-supported: 2.0.0
      log-symbols: 6.0.0
      stdin-discarder: 0.2.2
      string-width: 7.2.0
      strip-ansi: 7.1.0

  os-tmpdir@1.0.2: {}

  restore-cursor@5.1.0:
    dependencies:
      onetime: 7.0.0
      signal-exit: 4.1.0

  rxjs@7.8.1:
    dependencies:
      tslib: 2.7.0

  safer-buffer@2.1.2: {}

  signal-exit@4.1.0: {}

  stdin-discarder@0.2.2: {}

  string-width@4.2.3:
    dependencies:
      emoji-regex: 8.0.0
      is-fullwidth-code-point: 3.0.0
      strip-ansi: 6.0.1

  string-width@7.2.0:
    dependencies:
      emoji-regex: 10.4.0
      get-east-asian-width: 1.2.0
      strip-ansi: 7.1.0

  strip-ansi@6.0.1:
    dependencies:
      ansi-regex: 5.0.1

  strip-ansi@7.1.0:
    dependencies:
      ansi-regex: 6.0.1

  tmp@0.0.33:
    dependencies:
      os-tmpdir: 1.0.2

  tslib@2.7.0: {}

  type-fest@0.21.3: {}

  typescript@5.5.4: {}

  undici-types@5.26.5: {}

  undici-types@6.19.8: {}

  web-streams-polyfill@3.3.3: {}

  whatwg-fetch@3.6.20: {}

  wrap-ansi@6.2.0:
    dependencies:
      ansi-styles: 4.3.0
      string-width: 4.2.3
      strip-ansi: 6.0.1

  ws@8.18.0: {}

  yoctocolors-cjs@2.1.2: {}

  zod@3.23.8: {}
